
Microsoft Visual Studio Solution File, Format Version 11.00
# Visual Studio 2010
Project("{FAE04EC0-301F-11D3-BF4B-00C04F79EFBC}") = "ItsReigningCatsAndDogs_v1", "Assembly-CSharp.csproj", "{4FD6A129-C77A-5C44-E5F0-43270C6C8A4B}"
EndProject
Global
	GlobalSection(SolutionConfigurationPlatforms) = preSolution
		Debug|Any CPU = Debug|Any CPU
		Release|Any CPU = Release|Any CPU
	EndGlobalSection
	GlobalSection(ProjectConfigurationPlatforms) = postSolution
		{4FD6A129-C77A-5C44-E5F0-43270C6C8A4B}.Debug|Any CPU.ActiveCfg = Debug|Any CPU
		{4FD6A129-C77A-5C44-E5F0-43270C6C8A4B}.Debug|Any CPU.Build.0 = Debug|Any CPU
		{4FD6A129-C77A-5C44-E5F0-43270C6C8A4B}.Release|Any CPU.ActiveCfg = Release|Any CPU
		{4FD6A129-C77A-5C44-E5F0-43270C6C8A4B}.Release|Any CPU.Build.0 = Release|Any CPU
	EndGlobalSection
	GlobalSection(SolutionProperties) = preSolution
		HideSolutionNode = FALSE
	EndGlobalSection
	GlobalSection(MonoDevelopProperties) = preSolution
		StartupItem = Assembly-CSharp.csproj
	EndGlobalSection
EndGlobal
